
Microsoft Visual Studio Solution File, Format Version 12.00
# Visual Studio Version 18
VisualStudioVersion = 18.1.11304.174 d18.0
MinimumVisualStudioVersion = 10.0.40219.1
Project("{9A19103F-16F7-4668-BE54-9A1E7A4F7556}") = "Alugueis_API", "Alugueis_API\Alugueis_API.csproj", "{AFC24884-4D79-402A-9878-15D99D5A245A}"
EndProject
Global
	GlobalSection(SolutionConfigurationPlatforms) = preSolution
		Debug|Any CPU = Debug|Any CPU
		Release|Any CPU = Release|Any CPU
	EndGlobalSection
	GlobalSection(ProjectConfigurationPlatforms) = postSolution
		{AFC24884-4D79-402A-9878-15D99D5A245A}.Debug|Any CPU.ActiveCfg = Debug|Any CPU
		{AFC24884-4D79-402A-9878-15D99D5A245A}.Debug|Any CPU.Build.0 = Debug|Any CPU
		{AFC24884-4D79-402A-9878-15D99D5A245A}.Release|Any CPU.ActiveCfg = Release|Any CPU
		{AFC24884-4D79-402A-9878-15D99D5A245A}.Release|Any CPU.Build.0 = Release|Any CPU
	EndGlobalSection
	GlobalSection(SolutionProperties) = preSolution
		HideSolutionNode = FALSE
	EndGlobalSection
	GlobalSection(ExtensibilityGlobals) = postSolution
		SolutionGuid = {82968A71-7244-4D38-918E-AEC2B143061E}
	EndGlobalSection
EndGlobal
